
Microsoft Visual Studio Solution File, Format Version 12.00
# Visual Studio Version 17
VisualStudioVersion = 17.5.33502.453
MinimumVisualStudioVersion = 10.0.40219.1
Project("{888888A0-9F3D-457C-B088-3A5042F75D52}") = "b2c_bot4b", "b2c_bot4b.pyproj", "{F5F532B3-6210-43CA-88F2-60EB80745C16}"
EndProject
Global
	GlobalSection(SolutionConfigurationPlatforms) = preSolution
		Debug|Any CPU = Debug|Any CPU
		Release|Any CPU = Release|Any CPU
	EndGlobalSection
	GlobalSection(ProjectConfigurationPlatforms) = postSolution
		{F5F532B3-6210-43CA-88F2-60EB80745C16}.Debug|Any CPU.ActiveCfg = Debug|Any CPU
		{F5F532B3-6210-43CA-88F2-60EB80745C16}.Release|Any CPU.ActiveCfg = Release|Any CPU
	EndGlobalSection
	GlobalSection(SolutionProperties) = preSolution
		HideSolutionNode = FALSE
	EndGlobalSection
	GlobalSection(ExtensibilityGlobals) = postSolution
		SolutionGuid = {27C442A4-F9AB-4297-81F4-3BE98EEEC175}
	EndGlobalSection
EndGlobal
